{
  "name": "EmojiGuessr",
  "lockfileVersion": 2,
  "requires": true,
  "packages": {
    "": {
      "dependencies": {
        "emojibase": "^5.2.0"
      }
    },
    "node_modules/emojibase": {
      "version": "5.2.0",
      "resolved": "https://registry.npmjs.org/emojibase/-/emojibase-5.2.0.tgz",
      "integrity": "sha512-5T02oTJaWpScAtYbukKVc8vQ1367MyfVtFHUMoOVZ9/r1kFcbYqjSktD56TICBAeyW9uc1t+7qQuXEtntM6p5A==",
      "funding": {
        "type": "ko-fi",
        "url": "https://ko-fi.com/milesjohnson"
      }
    }
  },
  "dependencies": {
    "emojibase": {
      "version": "5.2.0",
      "resolved": "https://registry.npmjs.org/emojibase/-/emojibase-5.2.0.tgz",
      "integrity": "sha512-5T02oTJaWpScAtYbukKVc8vQ1367MyfVtFHUMoOVZ9/r1kFcbYqjSktD56TICBAeyW9uc1t+7qQuXEtntM6p5A=="
    }
  }
}
